{
  "name": "tests",
  "version": "1.0.0",
  "lockfileVersion": 3,
  "requires": true,
  "packages": {
    "": {
      "name": "tests",
      "version": "1.0.0",
      "license": "ISC",
      "dependencies": {
        "traceparent": "^1.0.0"
      }
    },
    "node_modules/random-poly-fill": {
      "version": "1.0.1",
      "resolved": "https://registry.npmjs.org/random-poly-fill/-/random-poly-fill-1.0.1.tgz",
      "integrity": "sha512-bMOL0hLfrNs52+EHtIPIXxn2PxYwXb0qjnKruTjXiM/sKfYqj506aB2plFwWW1HN+ri724bAVVGparh4AtlJKw==",
      "license": "MIT"
    },
    "node_modules/traceparent": {
      "version": "1.0.0",
      "resolved": "https://registry.npmjs.org/traceparent/-/traceparent-1.0.0.tgz",
      "integrity": "sha512-b/hAbgx57pANQ6cg2eBguY3oxD6FGVLI1CC2qoi01RmHR7AYpQHPXTig9FkzbWohEsVuHENZHP09aXuw3/LM+w==",
      "license": "MIT",
      "dependencies": {
        "random-poly-fill": "^1.0.1"
      }
    }
  }
}
